
Microsoft Visual Studio Solution File, Format Version 12.00
# Visual Studio Version 17
VisualStudioVersion = 17.13.35825.156 d17.13
MinimumVisualStudioVersion = 10.0.40219.1
Project("{FAE04EC0-301F-11D3-BF4B-00C04F79EFBC}") = "TiendaDeLibros", "TiendaDeLibros.csproj", "{8E538E69-E296-401B-B740-AAF2624BC8BE}"
EndProject
Global
	GlobalSection(SolutionConfigurationPlatforms) = preSolution
		Debug|Any CPU = Debug|Any CPU
		Release|Any CPU = Release|Any CPU
	EndGlobalSection
	GlobalSection(ProjectConfigurationPlatforms) = postSolution
		{8E538E69-E296-401B-B740-AAF2624BC8BE}.Debug|Any CPU.ActiveCfg = Debug|Any CPU
		{8E538E69-E296-401B-B740-AAF2624BC8BE}.Debug|Any CPU.Build.0 = Debug|Any CPU
		{8E538E69-E296-401B-B740-AAF2624BC8BE}.Release|Any CPU.ActiveCfg = Release|Any CPU
		{8E538E69-E296-401B-B740-AAF2624BC8BE}.Release|Any CPU.Build.0 = Release|Any CPU
	EndGlobalSection
	GlobalSection(SolutionProperties) = preSolution
		HideSolutionNode = FALSE
	EndGlobalSection
	GlobalSection(ExtensibilityGlobals) = postSolution
		SolutionGuid = {496A60EE-563C-415E-841C-EDA60D469E1C}
	EndGlobalSection
EndGlobal
